
Microsoft Visual Studio Solution File, Format Version 12.00
Project("{FAE04EC0-301F-11D3-BF4B-00C04F79EFBC}") = "Lab3_2_12", "Lab3_2_12\Lab3_2_12.csproj", "{166D7B23-68D1-474C-AFFC-EBB2C440A38B}"
EndProject
Global
	GlobalSection(SolutionConfigurationPlatforms) = preSolution
		Debug|Any CPU = Debug|Any CPU
		Release|Any CPU = Release|Any CPU
	EndGlobalSection
	GlobalSection(ProjectConfigurationPlatforms) = postSolution
		{166D7B23-68D1-474C-AFFC-EBB2C440A38B}.Debug|Any CPU.ActiveCfg = Debug|Any CPU
		{166D7B23-68D1-474C-AFFC-EBB2C440A38B}.Debug|Any CPU.Build.0 = Debug|Any CPU
		{166D7B23-68D1-474C-AFFC-EBB2C440A38B}.Release|Any CPU.ActiveCfg = Release|Any CPU
		{166D7B23-68D1-474C-AFFC-EBB2C440A38B}.Release|Any CPU.Build.0 = Release|Any CPU
	EndGlobalSection
EndGlobal
